
Microsoft Visual Studio Solution File, Format Version 12.00
# Visual Studio Version 17
VisualStudioVersion = 17.5.33516.290
MinimumVisualStudioVersion = 10.0.40219.1
Project("{9A19103F-16F7-4668-BE54-9A1E7A4F7556}") = "CatalogService", "CatalogService.csproj", "{C50A47A8-04A2-4AA9-B026-E8502CAA4B0F}"
EndProject
Global
	GlobalSection(SolutionConfigurationPlatforms) = preSolution
		Debug|Any CPU = Debug|Any CPU
		Release|Any CPU = Release|Any CPU
	EndGlobalSection
	GlobalSection(ProjectConfigurationPlatforms) = postSolution
		{C50A47A8-04A2-4AA9-B026-E8502CAA4B0F}.Debug|Any CPU.ActiveCfg = Debug|Any CPU
		{C50A47A8-04A2-4AA9-B026-E8502CAA4B0F}.Debug|Any CPU.Build.0 = Debug|Any CPU
		{C50A47A8-04A2-4AA9-B026-E8502CAA4B0F}.Release|Any CPU.ActiveCfg = Release|Any CPU
		{C50A47A8-04A2-4AA9-B026-E8502CAA4B0F}.Release|Any CPU.Build.0 = Release|Any CPU
	EndGlobalSection
	GlobalSection(SolutionProperties) = preSolution
		HideSolutionNode = FALSE
	EndGlobalSection
	GlobalSection(ExtensibilityGlobals) = postSolution
		SolutionGuid = {C8CC177D-92DE-47A9-84D3-B4A81D3F8713}
	EndGlobalSection
EndGlobal
